
Microsoft Visual Studio Solution File, Format Version 12.00
# Visual Studio 2013
VisualStudioVersion = 12.0.31101.0
MinimumVisualStudioVersion = 10.0.40219.1
Project("{FAE04EC0-301F-11D3-BF4B-00C04F79EFBC}") = "LinqToTerraServerProvider", "LinqToTerraServerProvider\LinqToTerraServerProvider.csproj", "{4FB874B6-3A60-45D5-976C-007A74948976}"
EndProject
Project("{FAE04EC0-301F-11D3-BF4B-00C04F79EFBC}") = "ClientApp", "ClientApp\ClientApp.csproj", "{A0AE606D-C677-4F78-AF80-DCA09CB29DA2}"
EndProject
Global
	GlobalSection(SolutionConfigurationPlatforms) = preSolution
		Debug|Any CPU = Debug|Any CPU
		Release|Any CPU = Release|Any CPU
	EndGlobalSection
	GlobalSection(ProjectConfigurationPlatforms) = postSolution
		{4FB874B6-3A60-45D5-976C-007A74948976}.Debug|Any CPU.ActiveCfg = Debug|Any CPU
		{4FB874B6-3A60-45D5-976C-007A74948976}.Debug|Any CPU.Build.0 = Debug|Any CPU
		{4FB874B6-3A60-45D5-976C-007A74948976}.Release|Any CPU.ActiveCfg = Release|Any CPU
		{4FB874B6-3A60-45D5-976C-007A74948976}.Release|Any CPU.Build.0 = Release|Any CPU
		{A0AE606D-C677-4F78-AF80-DCA09CB29DA2}.Debug|Any CPU.ActiveCfg = Debug|Any CPU
		{A0AE606D-C677-4F78-AF80-DCA09CB29DA2}.Debug|Any CPU.Build.0 = Debug|Any CPU
		{A0AE606D-C677-4F78-AF80-DCA09CB29DA2}.Release|Any CPU.ActiveCfg = Release|Any CPU
		{A0AE606D-C677-4F78-AF80-DCA09CB29DA2}.Release|Any CPU.Build.0 = Release|Any CPU
	EndGlobalSection
	GlobalSection(SolutionProperties) = preSolution
		HideSolutionNode = FALSE
	EndGlobalSection
EndGlobal
